
Microsoft Visual Studio Solution File, Format Version 12.00
# Visual Studio Version 16
VisualStudioVersion = 16.0.30309.148
MinimumVisualStudioVersion = 10.0.40219.1
Project("{9A19103F-16F7-4668-BE54-9A1E7A4F7556}") = "Accounting.Utility", "Accounting.Utility\Accounting.Utility.csproj", "{36906874-8A82-42D8-90CA-3D67A3412AE8}"
EndProject
Project("{9A19103F-16F7-4668-BE54-9A1E7A4F7556}") = "Accounting.DataLayer2", "Accounting.DataLayer2\Accounting.DataLayer2.csproj", "{86732038-27EB-4E45-A772-AC6D31DFAF08}"
EndProject
Project("{9A19103F-16F7-4668-BE54-9A1E7A4F7556}") = "Accounting.Business2", "Accounting.Business2\Accounting.Business2.csproj", "{798DF065-F9DA-4974-9C96-3942B4C4430A}"
EndProject
Project("{9A19103F-16F7-4668-BE54-9A1E7A4F7556}") = "ApiGeographicalPoints4", "ApiGeographicalPoints4\ApiGeographicalPoints4.csproj", "{DD554FBC-F19C-4DD0-BDA6-E1BC4A504077}"
EndProject
Project("{FAE04EC0-301F-11D3-BF4B-00C04F79EFBC}") = "Accounting.Views2", "Accounting.Views2\Accounting.Views2.csproj", "{BE4173E8-E29B-4778-9FA4-EB6B703BBBB4}"
EndProject
Global
	GlobalSection(SolutionConfigurationPlatforms) = preSolution
		Debug|Any CPU = Debug|Any CPU
		Release|Any CPU = Release|Any CPU
	EndGlobalSection
	GlobalSection(ProjectConfigurationPlatforms) = postSolution
		{36906874-8A82-42D8-90CA-3D67A3412AE8}.Debug|Any CPU.ActiveCfg = Debug|Any CPU
		{36906874-8A82-42D8-90CA-3D67A3412AE8}.Debug|Any CPU.Build.0 = Debug|Any CPU
		{36906874-8A82-42D8-90CA-3D67A3412AE8}.Release|Any CPU.ActiveCfg = Release|Any CPU
		{36906874-8A82-42D8-90CA-3D67A3412AE8}.Release|Any CPU.Build.0 = Release|Any CPU
		{86732038-27EB-4E45-A772-AC6D31DFAF08}.Debug|Any CPU.ActiveCfg = Debug|Any CPU
		{86732038-27EB-4E45-A772-AC6D31DFAF08}.Debug|Any CPU.Build.0 = Debug|Any CPU
		{86732038-27EB-4E45-A772-AC6D31DFAF08}.Release|Any CPU.ActiveCfg = Release|Any CPU
		{86732038-27EB-4E45-A772-AC6D31DFAF08}.Release|Any CPU.Build.0 = Release|Any CPU
		{798DF065-F9DA-4974-9C96-3942B4C4430A}.Debug|Any CPU.ActiveCfg = Debug|Any CPU
		{798DF065-F9DA-4974-9C96-3942B4C4430A}.Debug|Any CPU.Build.0 = Debug|Any CPU
		{798DF065-F9DA-4974-9C96-3942B4C4430A}.Release|Any CPU.ActiveCfg = Release|Any CPU
		{798DF065-F9DA-4974-9C96-3942B4C4430A}.Release|Any CPU.Build.0 = Release|Any CPU
		{DD554FBC-F19C-4DD0-BDA6-E1BC4A504077}.Debug|Any CPU.ActiveCfg = Debug|Any CPU
		{DD554FBC-F19C-4DD0-BDA6-E1BC4A504077}.Debug|Any CPU.Build.0 = Debug|Any CPU
		{DD554FBC-F19C-4DD0-BDA6-E1BC4A504077}.Release|Any CPU.ActiveCfg = Release|Any CPU
		{DD554FBC-F19C-4DD0-BDA6-E1BC4A504077}.Release|Any CPU.Build.0 = Release|Any CPU
		{BE4173E8-E29B-4778-9FA4-EB6B703BBBB4}.Debug|Any CPU.ActiveCfg = Debug|Any CPU
		{BE4173E8-E29B-4778-9FA4-EB6B703BBBB4}.Debug|Any CPU.Build.0 = Debug|Any CPU
		{BE4173E8-E29B-4778-9FA4-EB6B703BBBB4}.Release|Any CPU.ActiveCfg = Release|Any CPU
		{BE4173E8-E29B-4778-9FA4-EB6B703BBBB4}.Release|Any CPU.Build.0 = Release|Any CPU
	EndGlobalSection
	GlobalSection(SolutionProperties) = preSolution
		HideSolutionNode = FALSE
	EndGlobalSection
	GlobalSection(ExtensibilityGlobals) = postSolution
		SolutionGuid = {32700648-F8A4-424E-9C9F-9CE18959CCDB}
	EndGlobalSection
EndGlobal
